
Microsoft Visual Studio Solution File, Format Version 12.00
# Visual Studio Version 16
VisualStudioVersion = 16.0.33529.622
MinimumVisualStudioVersion = 10.0.40219.1
Project("{FAE04EC0-301F-11D3-BF4B-00C04F79EFBC}") = "sdfsdf", "sdfsdf.csproj", "{B99F166E-EDFF-450C-8736-61CF54A288F6}"
EndProject
Global
	GlobalSection(SolutionConfigurationPlatforms) = preSolution
		Debug|Any CPU = Debug|Any CPU
		Release|Any CPU = Release|Any CPU
	EndGlobalSection
	GlobalSection(ProjectConfigurationPlatforms) = postSolution
		{B99F166E-EDFF-450C-8736-61CF54A288F6}.Debug|Any CPU.ActiveCfg = Debug|Any CPU
		{B99F166E-EDFF-450C-8736-61CF54A288F6}.Debug|Any CPU.Build.0 = Debug|Any CPU
		{B99F166E-EDFF-450C-8736-61CF54A288F6}.Release|Any CPU.ActiveCfg = Release|Any CPU
		{B99F166E-EDFF-450C-8736-61CF54A288F6}.Release|Any CPU.Build.0 = Release|Any CPU
	EndGlobalSection
	GlobalSection(SolutionProperties) = preSolution
		HideSolutionNode = FALSE
	EndGlobalSection
	GlobalSection(ExtensibilityGlobals) = postSolution
		SolutionGuid = {013E681C-4877-44A5-982C-04961F39E404}
	EndGlobalSection
EndGlobal
